
Microsoft Visual Studio Solution File, Format Version 12.00
# Visual Studio Version 17
VisualStudioVersion = 17.2.32516.85
MinimumVisualStudioVersion = 10.0.40219.1
Project("{9A19103F-16F7-4668-BE54-9A1E7A4F7556}") = "Themes", "Themes\Themes.csproj", "{6F4D2F81-E22F-4282-B1C6-D818B1D1A51D}"
EndProject
Project("{9A19103F-16F7-4668-BE54-9A1E7A4F7556}") = "ThemesPreview", "ThemesPreview\ThemesPreview.csproj", "{E0D711A2-ABCE-42B1-B339-D6125E1DE09B}"
	ProjectSection(ProjectDependencies) = postProject
		{6F4D2F81-E22F-4282-B1C6-D818B1D1A51D} = {6F4D2F81-E22F-4282-B1C6-D818B1D1A51D}
	EndProjectSection
EndProject
Project("{FAE04EC0-301F-11D3-BF4B-00C04F79EFBC}") = "xUnitTests", "xUnitTests\xUnitTests.csproj", "{28A6A5BB-8CEB-4794-83B2-9CB54FD0096D}"
EndProject
Global
	GlobalSection(SolutionConfigurationPlatforms) = preSolution
		Debug|Any CPU = Debug|Any CPU
		Release|Any CPU = Release|Any CPU
	EndGlobalSection
	GlobalSection(ProjectConfigurationPlatforms) = postSolution
		{6F4D2F81-E22F-4282-B1C6-D818B1D1A51D}.Debug|Any CPU.ActiveCfg = Debug|Any CPU
		{6F4D2F81-E22F-4282-B1C6-D818B1D1A51D}.Debug|Any CPU.Build.0 = Debug|Any CPU
		{6F4D2F81-E22F-4282-B1C6-D818B1D1A51D}.Release|Any CPU.ActiveCfg = Release|Any CPU
		{6F4D2F81-E22F-4282-B1C6-D818B1D1A51D}.Release|Any CPU.Build.0 = Release|Any CPU
		{E0D711A2-ABCE-42B1-B339-D6125E1DE09B}.Debug|Any CPU.ActiveCfg = Debug|Any CPU
		{E0D711A2-ABCE-42B1-B339-D6125E1DE09B}.Debug|Any CPU.Build.0 = Debug|Any CPU
		{E0D711A2-ABCE-42B1-B339-D6125E1DE09B}.Release|Any CPU.ActiveCfg = Release|Any CPU
		{E0D711A2-ABCE-42B1-B339-D6125E1DE09B}.Release|Any CPU.Build.0 = Release|Any CPU
		{28A6A5BB-8CEB-4794-83B2-9CB54FD0096D}.Debug|Any CPU.ActiveCfg = Debug|Any CPU
		{28A6A5BB-8CEB-4794-83B2-9CB54FD0096D}.Debug|Any CPU.Build.0 = Debug|Any CPU
		{28A6A5BB-8CEB-4794-83B2-9CB54FD0096D}.Release|Any CPU.ActiveCfg = Release|Any CPU
		{28A6A5BB-8CEB-4794-83B2-9CB54FD0096D}.Release|Any CPU.Build.0 = Release|Any CPU
	EndGlobalSection
	GlobalSection(SolutionProperties) = preSolution
		HideSolutionNode = FALSE
	EndGlobalSection
	GlobalSection(ExtensibilityGlobals) = postSolution
		SolutionGuid = {D83496C9-5395-4EEC-A4C8-AF16A6C1F4D1}
	EndGlobalSection
EndGlobal
